{
  "originHash" : "c23b002f10a880834809816d3c055b5add1d54144606e296a71317f18e2a7192",
  "pins" : [
    {
      "identity" : "lookinserver",
      "kind" : "remoteSourceControl",
      "location" : "https://github.com/QMUI/LookinServer/",
      "state" : {
        "revision" : "e553d1b689d147817dc54ad5c28fcff71e860101",
        "version" : "1.2.8"
      }
    },
    {
      "identity" : "promisekit",
      "kind" : "remoteSourceControl",
      "location" : "https://github.com/mxcl/PromiseKit",
      "state" : {
        "revision" : "6fcc08077124e9747f1ec7bd8bb78f5caffe5a79",
        "version" : "8.1.2"
      }
    }
  ],
  "version" : 3
}
